
Microsoft Visual Studio Solution File, Format Version 12.00
# Visual Studio Version 17
VisualStudioVersion = 17.2.32526.322
MinimumVisualStudioVersion = 10.0.40219.1
Project("{FAE04EC0-301F-11D3-BF4B-00C04F79EFBC}") = "BinarySearch", "BinarySearch\BinarySearch.csproj", "{4193C8AA-DE47-4F9D-A803-589696E5B31A}"
EndProject
Global
	GlobalSection(SolutionConfigurationPlatforms) = preSolution
		Debug|Any CPU = Debug|Any CPU
		Release|Any CPU = Release|Any CPU
	EndGlobalSection
	GlobalSection(ProjectConfigurationPlatforms) = postSolution
		{4193C8AA-DE47-4F9D-A803-589696E5B31A}.Debug|Any CPU.ActiveCfg = Debug|Any CPU
		{4193C8AA-DE47-4F9D-A803-589696E5B31A}.Debug|Any CPU.Build.0 = Debug|Any CPU
		{4193C8AA-DE47-4F9D-A803-589696E5B31A}.Release|Any CPU.ActiveCfg = Release|Any CPU
		{4193C8AA-DE47-4F9D-A803-589696E5B31A}.Release|Any CPU.Build.0 = Release|Any CPU
	EndGlobalSection
	GlobalSection(SolutionProperties) = preSolution
		HideSolutionNode = FALSE
	EndGlobalSection
	GlobalSection(ExtensibilityGlobals) = postSolution
		SolutionGuid = {0CF55AB0-2C17-4161-BA0B-9E50AB129914}
	EndGlobalSection
EndGlobal
